
Microsoft Visual Studio Solution File, Format Version 12.00
# Visual Studio 14
VisualStudioVersion = 14.0.25123.0
MinimumVisualStudioVersion = 10.0.40219.1
Project("{FAE04EC0-301F-11D3-BF4B-00C04F79EFBC}") = "TrueOrFalse.Droid", "TrueOrFalse\TrueOrFalse.Droid\TrueOrFalse.Droid.csproj", "{2E89A22A-FA30-4D55-B985-4BF3E2EB2DA9}"
EndProject
Project("{FAE04EC0-301F-11D3-BF4B-00C04F79EFBC}") = "TrueOrFalse.iOS", "TrueOrFalse\TrueOrFalse.iOS\TrueOrFalse.iOS.csproj", "{73C1DE8A-6259-40B2-AA38-C82BBE4256DC}"
EndProject
Project("{FAE04EC0-301F-11D3-BF4B-00C04F79EFBC}") = "TrueOrFalse.WinPhone", "TrueOrFalse\TrueOrFalse.WinPhone\TrueOrFalse.WinPhone.csproj", "{D79FB61C-2B44-4EC0-B23A-B024A4CFE911}"
EndProject
Project("{FAE04EC0-301F-11D3-BF4B-00C04F79EFBC}") = "TrueOrFalse.UWP", "TrueOrFalse\TrueOrFalse.UWP\TrueOrFalse.UWP.csproj", "{CCDAEB69-AD4E-48E1-9DA6-8536B7E85F0E}"
EndProject
Project("{FAE04EC0-301F-11D3-BF4B-00C04F79EFBC}") = "TrueOrFalse.Windows", "TrueOrFalse\TrueOrFalse.Windows\TrueOrFalse.Windows.csproj", "{4A726994-D83A-47EB-BAC9-55C69743AE5F}"
EndProject
Project("{FAE04EC0-301F-11D3-BF4B-00C04F79EFBC}") = "TrueOrFalse", "TrueOrFalse\TrueOrFalse\TrueOrFalse.csproj", "{53806380-1889-4ABA-BE96-98052D796B56}"
EndProject
Global
	GlobalSection(SolutionConfigurationPlatforms) = preSolution
		Ad-Hoc|Any CPU = Ad-Hoc|Any CPU
		Ad-Hoc|ARM = Ad-Hoc|ARM
		Ad-Hoc|iPhone = Ad-Hoc|iPhone
		Ad-Hoc|iPhoneSimulator = Ad-Hoc|iPhoneSimulator
		Ad-Hoc|x64 = Ad-Hoc|x64
		Ad-Hoc|x86 = Ad-Hoc|x86
		AppStore|Any CPU = AppStore|Any CPU
		AppStore|ARM = AppStore|ARM
		AppStore|iPhone = AppStore|iPhone
		AppStore|iPhoneSimulator = AppStore|iPhoneSimulator
		AppStore|x64 = AppStore|x64
		AppStore|x86 = AppStore|x86
		Debug|Any CPU = Debug|Any CPU
		Debug|ARM = Debug|ARM
		Debug|iPhone = Debug|iPhone
		Debug|iPhoneSimulator = Debug|iPhoneSimulator
		Debug|x64 = Debug|x64
		Debug|x86 = Debug|x86
		Release|Any CPU = Release|Any CPU
		Release|ARM = Release|ARM
		Release|iPhone = Release|iPhone
		Release|iPhoneSimulator = Release|iPhoneSimulator
		Release|x64 = Release|x64
		Release|x86 = Release|x86
	EndGlobalSection
	GlobalSection(ProjectConfigurationPlatforms) = postSolution
		{2E89A22A-FA30-4D55-B985-4BF3E2EB2DA9}.Ad-Hoc|Any CPU.ActiveCfg = Release|Any CPU
		{2E89A22A-FA30-4D55-B985-4BF3E2EB2DA9}.Ad-Hoc|Any CPU.Build.0 = Release|Any CPU
		{2E89A22A-FA30-4D55-B985-4BF3E2EB2DA9}.Ad-Hoc|Any CPU.Deploy.0 = Release|Any CPU
		{2E89A22A-FA30-4D55-B985-4BF3E2EB2DA9}.Ad-Hoc|ARM.ActiveCfg = Release|Any CPU
		{2E89A22A-FA30-4D55-B985-4BF3E2EB2DA9}.Ad-Hoc|ARM.Build.0 = Release|Any CPU
		{2E89A22A-FA30-4D55-B985-4BF3E2EB2DA9}.Ad-Hoc|ARM.Deploy.0 = Release|Any CPU
		{2E89A22A-FA30-4D55-B985-4BF3E2EB2DA9}.Ad-Hoc|iPhone.ActiveCfg = Release|Any CPU
		{2E89A22A-FA30-4D55-B985-4BF3E2EB2DA9}.Ad-Hoc|iPhone.Build.0 = Release|Any CPU
		{2E89A22A-FA30-4D55-B985-4BF3E2EB2DA9}.Ad-Hoc|iPhone.Deploy.0 = Release|Any CPU
		{2E89A22A-FA30-4D55-B985-4BF3E2EB2DA9}.Ad-Hoc|iPhoneSimulator.ActiveCfg = Release|Any CPU
		{2E89A22A-FA30-4D55-B985-4BF3E2EB2DA9}.Ad-Hoc|iPhoneSimulator.Build.0 = Release|Any CPU
		{2E89A22A-FA30-4D55-B985-4BF3E2EB2DA9}.Ad-Hoc|iPhoneSimulator.Deploy.0 = Release|Any CPU
		{2E89A22A-FA30-4D55-B985-4BF3E2EB2DA9}.Ad-Hoc|x64.ActiveCfg = Release|Any CPU
		{2E89A22A-FA30-4D55-B985-4BF3E2EB2DA9}.Ad-Hoc|x64.Build.0 = Release|Any CPU
		{2E89A22A-FA30-4D55-B985-4BF3E2EB2DA9}.Ad-Hoc|x64.Deploy.0 = Release|Any CPU
		{2E89A22A-FA30-4D55-B985-4BF3E2EB2DA9}.Ad-Hoc|x86.ActiveCfg = Release|Any CPU
		{2E89A22A-FA30-4D55-B985-4BF3E2EB2DA9}.Ad-Hoc|x86.Build.0 = Release|Any CPU
		{2E89A22A-FA30-4D55-B985-4BF3E2EB2DA9}.Ad-Hoc|x86.Deploy.0 = Release|Any CPU
		{2E89A22A-FA30-4D55-B985-4BF3E2EB2DA9}.AppStore|Any CPU.ActiveCfg = Release|Any CPU
		{2E89A22A-FA30-4D55-B985-4BF3E2EB2DA9}.AppStore|Any CPU.Build.0 = Release|Any CPU
		{2E89A22A-FA30-4D55-B985-4BF3E2EB2DA9}.AppStore|Any CPU.Deploy.0 = Release|Any CPU
		{2E89A22A-FA30-4D55-B985-4BF3E2EB2DA9}.AppStore|ARM.ActiveCfg = Release|Any CPU
		{2E89A22A-FA30-4D55-B985-4BF3E2EB2DA9}.AppStore|ARM.Build.0 = Release|Any CPU
		{2E89A22A-FA30-4D55-B985-4BF3E2EB2DA9}.AppStore|ARM.Deploy.0 = Release|Any CPU
		{2E89A22A-FA30-4D55-B985-4BF3E2EB2DA9}.AppStore|iPhone.ActiveCfg = Release|Any CPU
		{2E89A22A-FA30-4D55-B985-4BF3E2EB2DA9}.AppStore|iPhone.Build.0 = Release|Any CPU
		{2E89A22A-FA30-4D55-B985-4BF3E2EB2DA9}.AppStore|iPhone.Deploy.0 = Release|Any CPU
		{2E89A22A-FA30-4D55-B985-4BF3E2EB2DA9}.AppStore|iPhoneSimulator.ActiveCfg = Release|Any CPU
		{2E89A22A-FA30-4D55-B985-4BF3E2EB2DA9}.AppStore|iPhoneSimulator.Build.0 = Release|Any CPU
		{2E89A22A-FA30-4D55-B985-4BF3E2EB2DA9}.AppStore|iPhoneSimulator.Deploy.0 = Release|Any CPU
		{2E89A22A-FA30-4D55-B985-4BF3E2EB2DA9}.AppStore|x64.ActiveCfg = Release|Any CPU
		{2E89A22A-FA30-4D55-B985-4BF3E2EB2DA9}.AppStore|x64.Build.0 = Release|Any CPU
		{2E89A22A-FA30-4D55-B985-4BF3E2EB2DA9}.AppStore|x64.Deploy.0 = Release|Any CPU
		{2E89A22A-FA30-4D55-B985-4BF3E2EB2DA9}.AppStore|x86.ActiveCfg = Release|Any CPU
		{2E89A22A-FA30-4D55-B985-4BF3E2EB2DA9}.AppStore|x86.Build.0 = Release|Any CPU
		{2E89A22A-FA30-4D55-B985-4BF3E2EB2DA9}.AppStore|x86.Deploy.0 = Release|Any CPU
		{2E89A22A-FA30-4D55-B985-4BF3E2EB2DA9}.Debug|Any CPU.ActiveCfg = Debug|Any CPU
		{2E89A22A-FA30-4D55-B985-4BF3E2EB2DA9}.Debug|Any CPU.Build.0 = Debug|Any CPU
		{2E89A22A-FA30-4D55-B985-4BF3E2EB2DA9}.Debug|Any CPU.Deploy.0 = Debug|Any CPU
		{2E89A22A-FA30-4D55-B985-4BF3E2EB2DA9}.Debug|ARM.ActiveCfg = Debug|Any CPU
		{2E89A22A-FA30-4D55-B985-4BF3E2EB2DA9}.Debug|ARM.Build.0 = Debug|Any CPU
		{2E89A22A-FA30-4D55-B985-4BF3E2EB2DA9}.Debug|ARM.Deploy.0 = Debug|Any CPU
		{2E89A22A-FA30-4D55-B985-4BF3E2EB2DA9}.Debug|iPhone.ActiveCfg = Debug|Any CPU
		{2E89A22A-FA30-4D55-B985-4BF3E2EB2DA9}.Debug|iPhone.Build.0 = Debug|Any CPU
		{2E89A22A-FA30-4D55-B985-4BF3E2EB2DA9}.Debug|iPhone.Deploy.0 = Debug|Any CPU
		{2E89A22A-FA30-4D55-B985-4BF3E2EB2DA9}.Debug|iPhoneSimulator.ActiveCfg = Debug|Any CPU
		{2E89A22A-FA30-4D55-B985-4BF3E2EB2DA9}.Debug|iPhoneSimulator.Build.0 = Debug|Any CPU
		{2E89A22A-FA30-4D55-B985-4BF3E2EB2DA9}.Debug|iPhoneSimulator.Deploy.0 = Debug|Any CPU
		{2E89A22A-FA30-4D55-B985-4BF3E2EB2DA9}.Debug|x64.ActiveCfg = Debug|Any CPU
		{2E89A22A-FA30-4D55-B985-4BF3E2EB2DA9}.Debug|x64.Build.0 = Debug|Any CPU
		{2E89A22A-FA30-4D55-B985-4BF3E2EB2DA9}.Debug|x64.Deploy.0 = Debug|Any CPU
		{2E89A22A-FA30-4D55-B985-4BF3E2EB2DA9}.Debug|x86.ActiveCfg = Debug|Any CPU
		{2E89A22A-FA30-4D55-B985-4BF3E2EB2DA9}.Debug|x86.Build.0 = Debug|Any CPU
		{2E89A22A-FA30-4D55-B985-4BF3E2EB2DA9}.Debug|x86.Deploy.0 = Debug|Any CPU
		{2E89A22A-FA30-4D55-B985-4BF3E2EB2DA9}.Release|Any CPU.ActiveCfg = Release|Any CPU
		{2E89A22A-FA30-4D55-B985-4BF3E2EB2DA9}.Release|Any CPU.Build.0 = Release|Any CPU
		{2E89A22A-FA30-4D55-B985-4BF3E2EB2DA9}.Release|Any CPU.Deploy.0 = Release|Any CPU
		{2E89A22A-FA30-4D55-B985-4BF3E2EB2DA9}.Release|ARM.ActiveCfg = Release|Any CPU
		{2E89A22A-FA30-4D55-B985-4BF3E2EB2DA9}.Release|ARM.Build.0 = Release|Any CPU
		{2E89A22A-FA30-4D55-B985-4BF3E2EB2DA9}.Release|ARM.Deploy.0 = Release|Any CPU
		{2E89A22A-FA30-4D55-B985-4BF3E2EB2DA9}.Release|iPhone.ActiveCfg = Release|Any CPU
		{2E89A22A-FA30-4D55-B985-4BF3E2EB2DA9}.Release|iPhone.Build.0 = Release|Any CPU
		{2E89A22A-FA30-4D55-B985-4BF3E2EB2DA9}.Release|iPhone.Deploy.0 = Release|Any CPU
		{2E89A22A-FA30-4D55-B985-4BF3E2EB2DA9}.Release|iPhoneSimulator.ActiveCfg = Release|Any CPU
		{2E89A22A-FA30-4D55-B985-4BF3E2EB2DA9}.Release|iPhoneSimulator.Build.0 = Release|Any CPU
		{2E89A22A-FA30-4D55-B985-4BF3E2EB2DA9}.Release|iPhoneSimulator.Deploy.0 = Release|Any CPU
		{2E89A22A-FA30-4D55-B985-4BF3E2EB2DA9}.Release|x64.ActiveCfg = Release|Any CPU
		{2E89A22A-FA30-4D55-B985-4BF3E2EB2DA9}.Release|x64.Build.0 = Release|Any CPU
		{2E89A22A-FA30-4D55-B985-4BF3E2EB2DA9}.Release|x64.Deploy.0 = Release|Any CPU
		{2E89A22A-FA30-4D55-B985-4BF3E2EB2DA9}.Release|x86.ActiveCfg = Release|Any CPU
		{2E89A22A-FA30-4D55-B985-4BF3E2EB2DA9}.Release|x86.Build.0 = Release|Any CPU
		{2E89A22A-FA30-4D55-B985-4BF3E2EB2DA9}.Release|x86.Deploy.0 = Release|Any CPU
		{73C1DE8A-6259-40B2-AA38-C82BBE4256DC}.Ad-Hoc|Any CPU.ActiveCfg = Ad-Hoc|iPhone
		{73C1DE8A-6259-40B2-AA38-C82BBE4256DC}.Ad-Hoc|ARM.ActiveCfg = Ad-Hoc|iPhone
		{73C1DE8A-6259-40B2-AA38-C82BBE4256DC}.Ad-Hoc|iPhone.ActiveCfg = Ad-Hoc|iPhone
		{73C1DE8A-6259-40B2-AA38-C82BBE4256DC}.Ad-Hoc|iPhone.Build.0 = Ad-Hoc|iPhone
		{73C1DE8A-6259-40B2-AA38-C82BBE4256DC}.Ad-Hoc|iPhoneSimulator.ActiveCfg = Ad-Hoc|iPhoneSimulator
		{73C1DE8A-6259-40B2-AA38-C82BBE4256DC}.Ad-Hoc|iPhoneSimulator.Build.0 = Ad-Hoc|iPhoneSimulator
		{73C1DE8A-6259-40B2-AA38-C82BBE4256DC}.Ad-Hoc|x64.ActiveCfg = Ad-Hoc|iPhone
		{73C1DE8A-6259-40B2-AA38-C82BBE4256DC}.Ad-Hoc|x86.ActiveCfg = Ad-Hoc|iPhone
		{73C1DE8A-6259-40B2-AA38-C82BBE4256DC}.AppStore|Any CPU.ActiveCfg = AppStore|iPhone
		{73C1DE8A-6259-40B2-AA38-C82BBE4256DC}.AppStore|ARM.ActiveCfg = AppStore|iPhone
		{73C1DE8A-6259-40B2-AA38-C82BBE4256DC}.AppStore|iPhone.ActiveCfg = AppStore|iPhone
		{73C1DE8A-6259-40B2-AA38-C82BBE4256DC}.AppStore|iPhone.Build.0 = AppStore|iPhone
		{73C1DE8A-6259-40B2-AA38-C82BBE4256DC}.AppStore|iPhoneSimulator.ActiveCfg = AppStore|iPhoneSimulator
		{73C1DE8A-6259-40B2-AA38-C82BBE4256DC}.AppStore|iPhoneSimulator.Build.0 = AppStore|iPhoneSimulator
		{73C1DE8A-6259-40B2-AA38-C82BBE4256DC}.AppStore|x64.ActiveCfg = AppStore|iPhone
		{73C1DE8A-6259-40B2-AA38-C82BBE4256DC}.AppStore|x86.ActiveCfg = AppStore|iPhone
		{73C1DE8A-6259-40B2-AA38-C82BBE4256DC}.Debug|Any CPU.ActiveCfg = Debug|iPhone
		{73C1DE8A-6259-40B2-AA38-C82BBE4256DC}.Debug|ARM.ActiveCfg = Debug|iPhone
		{73C1DE8A-6259-40B2-AA38-C82BBE4256DC}.Debug|iPhone.ActiveCfg = Debug|iPhone
		{73C1DE8A-6259-40B2-AA38-C82BBE4256DC}.Debug|iPhone.Build.0 = Debug|iPhone
		{73C1DE8A-6259-40B2-AA38-C82BBE4256DC}.Debug|iPhoneSimulator.ActiveCfg = Debug|iPhoneSimulator
		{73C1DE8A-6259-40B2-AA38-C82BBE4256DC}.Debug|iPhoneSimulator.Build.0 = Debug|iPhoneSimulator
		{73C1DE8A-6259-40B2-AA38-C82BBE4256DC}.Debug|x64.ActiveCfg = Debug|iPhone
		{73C1DE8A-6259-40B2-AA38-C82BBE4256DC}.Debug|x86.ActiveCfg = Debug|iPhone
		{73C1DE8A-6259-40B2-AA38-C82BBE4256DC}.Release|Any CPU.ActiveCfg = Release|iPhone
		{73C1DE8A-6259-40B2-AA38-C82BBE4256DC}.Release|ARM.ActiveCfg = Release|iPhone
		{73C1DE8A-6259-40B2-AA38-C82BBE4256DC}.Release|iPhone.ActiveCfg = Release|iPhone
		{73C1DE8A-6259-40B2-AA38-C82BBE4256DC}.Release|iPhone.Build.0 = Release|iPhone
		{73C1DE8A-6259-40B2-AA38-C82BBE4256DC}.Release|iPhoneSimulator.ActiveCfg = Release|iPhoneSimulator
		{73C1DE8A-6259-40B2-AA38-C82BBE4256DC}.Release|iPhoneSimulator.Build.0 = Release|iPhoneSimulator
		{73C1DE8A-6259-40B2-AA38-C82BBE4256DC}.Release|x64.ActiveCfg = Release|iPhone
		{73C1DE8A-6259-40B2-AA38-C82BBE4256DC}.Release|x86.ActiveCfg = Release|iPhone
		{D79FB61C-2B44-4EC0-B23A-B024A4CFE911}.Ad-Hoc|Any CPU.ActiveCfg = Release|Any CPU
		{D79FB61C-2B44-4EC0-B23A-B024A4CFE911}.Ad-Hoc|Any CPU.Build.0 = Release|Any CPU
		{D79FB61C-2B44-4EC0-B23A-B024A4CFE911}.Ad-Hoc|Any CPU.Deploy.0 = Release|Any CPU
		{D79FB61C-2B44-4EC0-B23A-B024A4CFE911}.Ad-Hoc|ARM.ActiveCfg = Release|ARM
		{D79FB61C-2B44-4EC0-B23A-B024A4CFE911}.Ad-Hoc|ARM.Build.0 = Release|ARM
		{D79FB61C-2B44-4EC0-B23A-B024A4CFE911}.Ad-Hoc|ARM.Deploy.0 = Release|ARM
		{D79FB61C-2B44-4EC0-B23A-B024A4CFE911}.Ad-Hoc|iPhone.ActiveCfg = Release|Any CPU
		{D79FB61C-2B44-4EC0-B23A-B024A4CFE911}.Ad-Hoc|iPhone.Build.0 = Release|Any CPU
		{D79FB61C-2B44-4EC0-B23A-B024A4CFE911}.Ad-Hoc|iPhone.Deploy.0 = Release|Any CPU
		{D79FB61C-2B44-4EC0-B23A-B024A4CFE911}.Ad-Hoc|iPhoneSimulator.ActiveCfg = Release|Any CPU
		{D79FB61C-2B44-4EC0-B23A-B024A4CFE911}.Ad-Hoc|iPhoneSimulator.Build.0 = Release|Any CPU
		{D79FB61C-2B44-4EC0-B23A-B024A4CFE911}.Ad-Hoc|iPhoneSimulator.Deploy.0 = Release|Any CPU
		{D79FB61C-2B44-4EC0-B23A-B024A4CFE911}.Ad-Hoc|x64.ActiveCfg = Release|Any CPU
		{D79FB61C-2B44-4EC0-B23A-B024A4CFE911}.Ad-Hoc|x64.Build.0 = Release|Any CPU
		{D79FB61C-2B44-4EC0-B23A-B024A4CFE911}.Ad-Hoc|x64.Deploy.0 = Release|Any CPU
		{D79FB61C-2B44-4EC0-B23A-B024A4CFE911}.Ad-Hoc|x86.ActiveCfg = Release|x86
		{D79FB61C-2B44-4EC0-B23A-B024A4CFE911}.Ad-Hoc|x86.Build.0 = Release|x86
		{D79FB61C-2B44-4EC0-B23A-B024A4CFE911}.Ad-Hoc|x86.Deploy.0 = Release|x86
		{D79FB61C-2B44-4EC0-B23A-B024A4CFE911}.AppStore|Any CPU.ActiveCfg = Release|Any CPU
		{D79FB61C-2B44-4EC0-B23A-B024A4CFE911}.AppStore|Any CPU.Build.0 = Release|Any CPU
		{D79FB61C-2B44-4EC0-B23A-B024A4CFE911}.AppStore|Any CPU.Deploy.0 = Release|Any CPU
		{D79FB61C-2B44-4EC0-B23A-B024A4CFE911}.AppStore|ARM.ActiveCfg = Release|ARM
		{D79FB61C-2B44-4EC0-B23A-B024A4CFE911}.AppStore|ARM.Build.0 = Release|ARM
		{D79FB61C-2B44-4EC0-B23A-B024A4CFE911}.AppStore|ARM.Deploy.0 = Release|ARM
		{D79FB61C-2B44-4EC0-B23A-B024A4CFE911}.AppStore|iPhone.ActiveCfg = Release|Any CPU
		{D79FB61C-2B44-4EC0-B23A-B024A4CFE911}.AppStore|iPhone.Build.0 = Release|Any CPU
		{D79FB61C-2B44-4EC0-B23A-B024A4CFE911}.AppStore|iPhone.Deploy.0 = Release|Any CPU
		{D79FB61C-2B44-4EC0-B23A-B024A4CFE911}.AppStore|iPhoneSimulator.ActiveCfg = Release|Any CPU
		{D79FB61C-2B44-4EC0-B23A-B024A4CFE911}.AppStore|iPhoneSimulator.Build.0 = Release|Any CPU
		{D79FB61C-2B44-4EC0-B23A-B024A4CFE911}.AppStore|iPhoneSimulator.Deploy.0 = Release|Any CPU
		{D79FB61C-2B44-4EC0-B23A-B024A4CFE911}.AppStore|x64.ActiveCfg = Release|Any CPU
		{D79FB61C-2B44-4EC0-B23A-B024A4CFE911}.AppStore|x64.Build.0 = Release|Any CPU
		{D79FB61C-2B44-4EC0-B23A-B024A4CFE911}.AppStore|x64.Deploy.0 = Release|Any CPU
		{D79FB61C-2B44-4EC0-B23A-B024A4CFE911}.AppStore|x86.ActiveCfg = Release|x86
		{D79FB61C-2B44-4EC0-B23A-B024A4CFE911}.AppStore|x86.Build.0 = Release|x86
		{D79FB61C-2B44-4EC0-B23A-B024A4CFE911}.AppStore|x86.Deploy.0 = Release|x86
		{D79FB61C-2B44-4EC0-B23A-B024A4CFE911}.Debug|Any CPU.ActiveCfg = Debug|Any CPU
		{D79FB61C-2B44-4EC0-B23A-B024A4CFE911}.Debug|Any CPU.Build.0 = Debug|Any CPU
		{D79FB61C-2B44-4EC0-B23A-B024A4CFE911}.Debug|Any CPU.Deploy.0 = Debug|Any CPU
		{D79FB61C-2B44-4EC0-B23A-B024A4CFE911}.Debug|ARM.ActiveCfg = Debug|ARM
		{D79FB61C-2B44-4EC0-B23A-B024A4CFE911}.Debug|ARM.Build.0 = Debug|ARM
		{D79FB61C-2B44-4EC0-B23A-B024A4CFE911}.Debug|ARM.Deploy.0 = Debug|ARM
		{D79FB61C-2B44-4EC0-B23A-B024A4CFE911}.Debug|iPhone.ActiveCfg = Debug|Any CPU
		{D79FB61C-2B44-4EC0-B23A-B024A4CFE911}.Debug|iPhone.Build.0 = Debug|Any CPU
		{D79FB61C-2B44-4EC0-B23A-B024A4CFE911}.Debug|iPhone.Deploy.0 = Debug|Any CPU
		{D79FB61C-2B44-4EC0-B23A-B024A4CFE911}.Debug|iPhoneSimulator.ActiveCfg = Debug|Any CPU
		{D79FB61C-2B44-4EC0-B23A-B024A4CFE911}.Debug|iPhoneSimulator.Build.0 = Debug|Any CPU
		{D79FB61C-2B44-4EC0-B23A-B024A4CFE911}.Debug|iPhoneSimulator.Deploy.0 = Debug|Any CPU
		{D79FB61C-2B44-4EC0-B23A-B024A4CFE911}.Debug|x64.ActiveCfg = Debug|ARM
		{D79FB61C-2B44-4EC0-B23A-B024A4CFE911}.Debug|x64.Build.0 = Debug|ARM
		{D79FB61C-2B44-4EC0-B23A-B024A4CFE911}.Debug|x64.Deploy.0 = Debug|ARM
		{D79FB61C-2B44-4EC0-B23A-B024A4CFE911}.Debug|x86.ActiveCfg = Debug|x86
		{D79FB61C-2B44-4EC0-B23A-B024A4CFE911}.Debug|x86.Build.0 = Debug|x86
		{D79FB61C-2B44-4EC0-B23A-B024A4CFE911}.Debug|x86.Deploy.0 = Debug|x86
		{D79FB61C-2B44-4EC0-B23A-B024A4CFE911}.Release|Any CPU.ActiveCfg = Release|Any CPU
		{D79FB61C-2B44-4EC0-B23A-B024A4CFE911}.Release|Any CPU.Build.0 = Release|Any CPU
		{D79FB61C-2B44-4EC0-B23A-B024A4CFE911}.Release|Any CPU.Deploy.0 = Release|Any CPU
		{D79FB61C-2B44-4EC0-B23A-B024A4CFE911}.Release|ARM.ActiveCfg = Release|ARM
		{D79FB61C-2B44-4EC0-B23A-B024A4CFE911}.Release|ARM.Build.0 = Release|ARM
		{D79FB61C-2B44-4EC0-B23A-B024A4CFE911}.Release|ARM.Deploy.0 = Release|ARM
		{D79FB61C-2B44-4EC0-B23A-B024A4CFE911}.Release|iPhone.ActiveCfg = Release|Any CPU
		{D79FB61C-2B44-4EC0-B23A-B024A4CFE911}.Release|iPhone.Build.0 = Release|Any CPU
		{D79FB61C-2B44-4EC0-B23A-B024A4CFE911}.Release|iPhone.Deploy.0 = Release|Any CPU
		{D79FB61C-2B44-4EC0-B23A-B024A4CFE911}.Release|iPhoneSimulator.ActiveCfg = Release|Any CPU
		{D79FB61C-2B44-4EC0-B23A-B024A4CFE911}.Release|iPhoneSimulator.Build.0 = Release|Any CPU
		{D79FB61C-2B44-4EC0-B23A-B024A4CFE911}.Release|iPhoneSimulator.Deploy.0 = Release|Any CPU
		{D79FB61C-2B44-4EC0-B23A-B024A4CFE911}.Release|x64.ActiveCfg = Release|Any CPU
		{D79FB61C-2B44-4EC0-B23A-B024A4CFE911}.Release|x64.Build.0 = Release|Any CPU
		{D79FB61C-2B44-4EC0-B23A-B024A4CFE911}.Release|x64.Deploy.0 = Release|Any CPU
		{D79FB61C-2B44-4EC0-B23A-B024A4CFE911}.Release|x86.ActiveCfg = Release|x86
		{D79FB61C-2B44-4EC0-B23A-B024A4CFE911}.Release|x86.Build.0 = Release|x86
		{D79FB61C-2B44-4EC0-B23A-B024A4CFE911}.Release|x86.Deploy.0 = Release|x86
		{CCDAEB69-AD4E-48E1-9DA6-8536B7E85F0E}.Ad-Hoc|Any CPU.ActiveCfg = Release|x86
		{CCDAEB69-AD4E-48E1-9DA6-8536B7E85F0E}.Ad-Hoc|Any CPU.Build.0 = Release|x86
		{CCDAEB69-AD4E-48E1-9DA6-8536B7E85F0E}.Ad-Hoc|Any CPU.Deploy.0 = Release|x86
		{CCDAEB69-AD4E-48E1-9DA6-8536B7E85F0E}.Ad-Hoc|ARM.ActiveCfg = Release|ARM
		{CCDAEB69-AD4E-48E1-9DA6-8536B7E85F0E}.Ad-Hoc|ARM.Build.0 = Release|ARM
		{CCDAEB69-AD4E-48E1-9DA6-8536B7E85F0E}.Ad-Hoc|ARM.Deploy.0 = Release|ARM
		{CCDAEB69-AD4E-48E1-9DA6-8536B7E85F0E}.Ad-Hoc|iPhone.ActiveCfg = Release|x86
		{CCDAEB69-AD4E-48E1-9DA6-8536B7E85F0E}.Ad-Hoc|iPhone.Build.0 = Release|x86
		{CCDAEB69-AD4E-48E1-9DA6-8536B7E85F0E}.Ad-Hoc|iPhone.Deploy.0 = Release|x86
		{CCDAEB69-AD4E-48E1-9DA6-8536B7E85F0E}.Ad-Hoc|iPhoneSimulator.ActiveCfg = Release|x86
		{CCDAEB69-AD4E-48E1-9DA6-8536B7E85F0E}.Ad-Hoc|iPhoneSimulator.Build.0 = Release|x86
		{CCDAEB69-AD4E-48E1-9DA6-8536B7E85F0E}.Ad-Hoc|iPhoneSimulator.Deploy.0 = Release|x86
		{CCDAEB69-AD4E-48E1-9DA6-8536B7E85F0E}.Ad-Hoc|x64.ActiveCfg = Release|x64
		{CCDAEB69-AD4E-48E1-9DA6-8536B7E85F0E}.Ad-Hoc|x64.Build.0 = Release|x64
		{CCDAEB69-AD4E-48E1-9DA6-8536B7E85F0E}.Ad-Hoc|x64.Deploy.0 = Release|x64
		{CCDAEB69-AD4E-48E1-9DA6-8536B7E85F0E}.Ad-Hoc|x86.ActiveCfg = Release|x86
		{CCDAEB69-AD4E-48E1-9DA6-8536B7E85F0E}.Ad-Hoc|x86.Build.0 = Release|x86
		{CCDAEB69-AD4E-48E1-9DA6-8536B7E85F0E}.Ad-Hoc|x86.Deploy.0 = Release|x86
		{CCDAEB69-AD4E-48E1-9DA6-8536B7E85F0E}.AppStore|Any CPU.ActiveCfg = Release|x86
		{CCDAEB69-AD4E-48E1-9DA6-8536B7E85F0E}.AppStore|Any CPU.Build.0 = Release|x86
		{CCDAEB69-AD4E-48E1-9DA6-8536B7E85F0E}.AppStore|Any CPU.Deploy.0 = Release|x86
		{CCDAEB69-AD4E-48E1-9DA6-8536B7E85F0E}.AppStore|ARM.ActiveCfg = Release|ARM
		{CCDAEB69-AD4E-48E1-9DA6-8536B7E85F0E}.AppStore|ARM.Build.0 = Release|ARM
		{CCDAEB69-AD4E-48E1-9DA6-8536B7E85F0E}.AppStore|ARM.Deploy.0 = Release|ARM
		{CCDAEB69-AD4E-48E1-9DA6-8536B7E85F0E}.AppStore|iPhone.ActiveCfg = Release|x86
		{CCDAEB69-AD4E-48E1-9DA6-8536B7E85F0E}.AppStore|iPhone.Build.0 = Release|x86
		{CCDAEB69-AD4E-48E1-9DA6-8536B7E85F0E}.AppStore|iPhone.Deploy.0 = Release|x86
		{CCDAEB69-AD4E-48E1-9DA6-8536B7E85F0E}.AppStore|iPhoneSimulator.ActiveCfg = Release|x86
		{CCDAEB69-AD4E-48E1-9DA6-8536B7E85F0E}.AppStore|iPhoneSimulator.Build.0 = Release|x86
		{CCDAEB69-AD4E-48E1-9DA6-8536B7E85F0E}.AppStore|iPhoneSimulator.Deploy.0 = Release|x86
		{CCDAEB69-AD4E-48E1-9DA6-8536B7E85F0E}.AppStore|x64.ActiveCfg = Release|x64
		{CCDAEB69-AD4E-48E1-9DA6-8536B7E85F0E}.AppStore|x64.Build.0 = Release|x64
		{CCDAEB69-AD4E-48E1-9DA6-8536B7E85F0E}.AppStore|x64.Deploy.0 = Release|x64
		{CCDAEB69-AD4E-48E1-9DA6-8536B7E85F0E}.AppStore|x86.ActiveCfg = Release|x86
		{CCDAEB69-AD4E-48E1-9DA6-8536B7E85F0E}.AppStore|x86.Build.0 = Release|x86
		{CCDAEB69-AD4E-48E1-9DA6-8536B7E85F0E}.AppStore|x86.Deploy.0 = Release|x86
		{CCDAEB69-AD4E-48E1-9DA6-8536B7E85F0E}.Debug|Any CPU.ActiveCfg = Debug|x86
		{CCDAEB69-AD4E-48E1-9DA6-8536B7E85F0E}.Debug|Any CPU.Build.0 = Debug|x86
		{CCDAEB69-AD4E-48E1-9DA6-8536B7E85F0E}.Debug|Any CPU.Deploy.0 = Debug|x86
		{CCDAEB69-AD4E-48E1-9DA6-8536B7E85F0E}.Debug|ARM.ActiveCfg = Debug|ARM
		{CCDAEB69-AD4E-48E1-9DA6-8536B7E85F0E}.Debug|ARM.Build.0 = Debug|ARM
		{CCDAEB69-AD4E-48E1-9DA6-8536B7E85F0E}.Debug|ARM.Deploy.0 = Debug|ARM
		{CCDAEB69-AD4E-48E1-9DA6-8536B7E85F0E}.Debug|iPhone.ActiveCfg = Debug|x86
		{CCDAEB69-AD4E-48E1-9DA6-8536B7E85F0E}.Debug|iPhoneSimulator.ActiveCfg = Debug|x86
		{CCDAEB69-AD4E-48E1-9DA6-8536B7E85F0E}.Debug|x64.ActiveCfg = Debug|x64
		{CCDAEB69-AD4E-48E1-9DA6-8536B7E85F0E}.Debug|x64.Build.0 = Debug|x64
		{CCDAEB69-AD4E-48E1-9DA6-8536B7E85F0E}.Debug|x64.Deploy.0 = Debug|x64
		{CCDAEB69-AD4E-48E1-9DA6-8536B7E85F0E}.Debug|x86.ActiveCfg = Debug|x86
		{CCDAEB69-AD4E-48E1-9DA6-8536B7E85F0E}.Debug|x86.Build.0 = Debug|x86
		{CCDAEB69-AD4E-48E1-9DA6-8536B7E85F0E}.Debug|x86.Deploy.0 = Debug|x86
		{CCDAEB69-AD4E-48E1-9DA6-8536B7E85F0E}.Release|Any CPU.ActiveCfg = Release|x86
		{CCDAEB69-AD4E-48E1-9DA6-8536B7E85F0E}.Release|ARM.ActiveCfg = Release|ARM
		{CCDAEB69-AD4E-48E1-9DA6-8536B7E85F0E}.Release|ARM.Build.0 = Release|ARM
		{CCDAEB69-AD4E-48E1-9DA6-8536B7E85F0E}.Release|ARM.Deploy.0 = Release|ARM
		{CCDAEB69-AD4E-48E1-9DA6-8536B7E85F0E}.Release|iPhone.ActiveCfg = Release|x86
		{CCDAEB69-AD4E-48E1-9DA6-8536B7E85F0E}.Release|iPhoneSimulator.ActiveCfg = Release|x86
		{CCDAEB69-AD4E-48E1-9DA6-8536B7E85F0E}.Release|x64.ActiveCfg = Release|x64
		{CCDAEB69-AD4E-48E1-9DA6-8536B7E85F0E}.Release|x64.Build.0 = Release|x64
		{CCDAEB69-AD4E-48E1-9DA6-8536B7E85F0E}.Release|x64.Deploy.0 = Release|x64
		{CCDAEB69-AD4E-48E1-9DA6-8536B7E85F0E}.Release|x86.ActiveCfg = Release|x86
		{CCDAEB69-AD4E-48E1-9DA6-8536B7E85F0E}.Release|x86.Build.0 = Release|x86
		{CCDAEB69-AD4E-48E1-9DA6-8536B7E85F0E}.Release|x86.Deploy.0 = Release|x86
		{4A726994-D83A-47EB-BAC9-55C69743AE5F}.Ad-Hoc|Any CPU.ActiveCfg = Release|Any CPU
		{4A726994-D83A-47EB-BAC9-55C69743AE5F}.Ad-Hoc|Any CPU.Build.0 = Release|Any CPU
		{4A726994-D83A-47EB-BAC9-55C69743AE5F}.Ad-Hoc|Any CPU.Deploy.0 = Release|Any CPU
		{4A726994-D83A-47EB-BAC9-55C69743AE5F}.Ad-Hoc|ARM.ActiveCfg = Release|ARM
		{4A726994-D83A-47EB-BAC9-55C69743AE5F}.Ad-Hoc|ARM.Build.0 = Release|ARM
		{4A726994-D83A-47EB-BAC9-55C69743AE5F}.Ad-Hoc|ARM.Deploy.0 = Release|ARM
		{4A726994-D83A-47EB-BAC9-55C69743AE5F}.Ad-Hoc|iPhone.ActiveCfg = Release|Any CPU
		{4A726994-D83A-47EB-BAC9-55C69743AE5F}.Ad-Hoc|iPhone.Build.0 = Release|Any CPU
		{4A726994-D83A-47EB-BAC9-55C69743AE5F}.Ad-Hoc|iPhone.Deploy.0 = Release|Any CPU
		{4A726994-D83A-47EB-BAC9-55C69743AE5F}.Ad-Hoc|iPhoneSimulator.ActiveCfg = Release|Any CPU
		{4A726994-D83A-47EB-BAC9-55C69743AE5F}.Ad-Hoc|iPhoneSimulator.Build.0 = Release|Any CPU
		{4A726994-D83A-47EB-BAC9-55C69743AE5F}.Ad-Hoc|iPhoneSimulator.Deploy.0 = Release|Any CPU
		{4A726994-D83A-47EB-BAC9-55C69743AE5F}.Ad-Hoc|x64.ActiveCfg = Release|x64
		{4A726994-D83A-47EB-BAC9-55C69743AE5F}.Ad-Hoc|x64.Build.0 = Release|x64
		{4A726994-D83A-47EB-BAC9-55C69743AE5F}.Ad-Hoc|x64.Deploy.0 = Release|x64
		{4A726994-D83A-47EB-BAC9-55C69743AE5F}.Ad-Hoc|x86.ActiveCfg = Release|x86
		{4A726994-D83A-47EB-BAC9-55C69743AE5F}.Ad-Hoc|x86.Build.0 = Release|x86
		{4A726994-D83A-47EB-BAC9-55C69743AE5F}.Ad-Hoc|x86.Deploy.0 = Release|x86
		{4A726994-D83A-47EB-BAC9-55C69743AE5F}.AppStore|Any CPU.ActiveCfg = Release|Any CPU
		{4A726994-D83A-47EB-BAC9-55C69743AE5F}.AppStore|Any CPU.Build.0 = Release|Any CPU
		{4A726994-D83A-47EB-BAC9-55C69743AE5F}.AppStore|Any CPU.Deploy.0 = Release|Any CPU
		{4A726994-D83A-47EB-BAC9-55C69743AE5F}.AppStore|ARM.ActiveCfg = Release|ARM
		{4A726994-D83A-47EB-BAC9-55C69743AE5F}.AppStore|ARM.Build.0 = Release|ARM
		{4A726994-D83A-47EB-BAC9-55C69743AE5F}.AppStore|ARM.Deploy.0 = Release|ARM
		{4A726994-D83A-47EB-BAC9-55C69743AE5F}.AppStore|iPhone.ActiveCfg = Release|Any CPU
		{4A726994-D83A-47EB-BAC9-55C69743AE5F}.AppStore|iPhone.Build.0 = Release|Any CPU
		{4A726994-D83A-47EB-BAC9-55C69743AE5F}.AppStore|iPhone.Deploy.0 = Release|Any CPU
		{4A726994-D83A-47EB-BAC9-55C69743AE5F}.AppStore|iPhoneSimulator.ActiveCfg = Release|Any CPU
		{4A726994-D83A-47EB-BAC9-55C69743AE5F}.AppStore|iPhoneSimulator.Build.0 = Release|Any CPU
		{4A726994-D83A-47EB-BAC9-55C69743AE5F}.AppStore|iPhoneSimulator.Deploy.0 = Release|Any CPU
		{4A726994-D83A-47EB-BAC9-55C69743AE5F}.AppStore|x64.ActiveCfg = Release|x64
		{4A726994-D83A-47EB-BAC9-55C69743AE5F}.AppStore|x64.Build.0 = Release|x64
		{4A726994-D83A-47EB-BAC9-55C69743AE5F}.AppStore|x64.Deploy.0 = Release|x64
		{4A726994-D83A-47EB-BAC9-55C69743AE5F}.AppStore|x86.ActiveCfg = Release|x86
		{4A726994-D83A-47EB-BAC9-55C69743AE5F}.AppStore|x86.Build.0 = Release|x86
		{4A726994-D83A-47EB-BAC9-55C69743AE5F}.AppStore|x86.Deploy.0 = Release|x86
		{4A726994-D83A-47EB-BAC9-55C69743AE5F}.Debug|Any CPU.ActiveCfg = Debug|Any CPU
		{4A726994-D83A-47EB-BAC9-55C69743AE5F}.Debug|Any CPU.Build.0 = Debug|Any CPU
		{4A726994-D83A-47EB-BAC9-55C69743AE5F}.Debug|Any CPU.Deploy.0 = Debug|Any CPU
		{4A726994-D83A-47EB-BAC9-55C69743AE5F}.Debug|ARM.ActiveCfg = Debug|ARM
		{4A726994-D83A-47EB-BAC9-55C69743AE5F}.Debug|ARM.Build.0 = Debug|ARM
		{4A726994-D83A-47EB-BAC9-55C69743AE5F}.Debug|ARM.Deploy.0 = Debug|ARM
		{4A726994-D83A-47EB-BAC9-55C69743AE5F}.Debug|iPhone.ActiveCfg = Debug|Any CPU
		{4A726994-D83A-47EB-BAC9-55C69743AE5F}.Debug|iPhone.Build.0 = Debug|Any CPU
		{4A726994-D83A-47EB-BAC9-55C69743AE5F}.Debug|iPhone.Deploy.0 = Debug|Any CPU
		{4A726994-D83A-47EB-BAC9-55C69743AE5F}.Debug|iPhoneSimulator.ActiveCfg = Debug|Any CPU
		{4A726994-D83A-47EB-BAC9-55C69743AE5F}.Debug|iPhoneSimulator.Build.0 = Debug|Any CPU
		{4A726994-D83A-47EB-BAC9-55C69743AE5F}.Debug|iPhoneSimulator.Deploy.0 = Debug|Any CPU
		{4A726994-D83A-47EB-BAC9-55C69743AE5F}.Debug|x64.ActiveCfg = Debug|x64
		{4A726994-D83A-47EB-BAC9-55C69743AE5F}.Debug|x64.Build.0 = Debug|x64
		{4A726994-D83A-47EB-BAC9-55C69743AE5F}.Debug|x64.Deploy.0 = Debug|x64
		{4A726994-D83A-47EB-BAC9-55C69743AE5F}.Debug|x86.ActiveCfg = Debug|x86
		{4A726994-D83A-47EB-BAC9-55C69743AE5F}.Debug|x86.Build.0 = Debug|x86
		{4A726994-D83A-47EB-BAC9-55C69743AE5F}.Debug|x86.Deploy.0 = Debug|x86
		{4A726994-D83A-47EB-BAC9-55C69743AE5F}.Release|Any CPU.ActiveCfg = Release|Any CPU
		{4A726994-D83A-47EB-BAC9-55C69743AE5F}.Release|Any CPU.Build.0 = Release|Any CPU
		{4A726994-D83A-47EB-BAC9-55C69743AE5F}.Release|Any CPU.Deploy.0 = Release|Any CPU
		{4A726994-D83A-47EB-BAC9-55C69743AE5F}.Release|ARM.ActiveCfg = Release|ARM
		{4A726994-D83A-47EB-BAC9-55C69743AE5F}.Release|ARM.Build.0 = Release|ARM
		{4A726994-D83A-47EB-BAC9-55C69743AE5F}.Release|ARM.Deploy.0 = Release|ARM
		{4A726994-D83A-47EB-BAC9-55C69743AE5F}.Release|iPhone.ActiveCfg = Release|Any CPU
		{4A726994-D83A-47EB-BAC9-55C69743AE5F}.Release|iPhone.Build.0 = Release|Any CPU
		{4A726994-D83A-47EB-BAC9-55C69743AE5F}.Release|iPhone.Deploy.0 = Release|Any CPU
		{4A726994-D83A-47EB-BAC9-55C69743AE5F}.Release|iPhoneSimulator.ActiveCfg = Release|Any CPU
		{4A726994-D83A-47EB-BAC9-55C69743AE5F}.Release|iPhoneSimulator.Build.0 = Release|Any CPU
		{4A726994-D83A-47EB-BAC9-55C69743AE5F}.Release|iPhoneSimulator.Deploy.0 = Release|Any CPU
		{4A726994-D83A-47EB-BAC9-55C69743AE5F}.Release|x64.ActiveCfg = Release|x64
		{4A726994-D83A-47EB-BAC9-55C69743AE5F}.Release|x64.Build.0 = Release|x64
		{4A726994-D83A-47EB-BAC9-55C69743AE5F}.Release|x64.Deploy.0 = Release|x64
		{4A726994-D83A-47EB-BAC9-55C69743AE5F}.Release|x86.ActiveCfg = Release|x86
		{4A726994-D83A-47EB-BAC9-55C69743AE5F}.Release|x86.Build.0 = Release|x86
		{4A726994-D83A-47EB-BAC9-55C69743AE5F}.Release|x86.Deploy.0 = Release|x86
		{53806380-1889-4ABA-BE96-98052D796B56}.Ad-Hoc|Any CPU.ActiveCfg = Release|Any CPU
		{53806380-1889-4ABA-BE96-98052D796B56}.Ad-Hoc|Any CPU.Build.0 = Release|Any CPU
		{53806380-1889-4ABA-BE96-98052D796B56}.Ad-Hoc|ARM.ActiveCfg = Release|Any CPU
		{53806380-1889-4ABA-BE96-98052D796B56}.Ad-Hoc|ARM.Build.0 = Release|Any CPU
		{53806380-1889-4ABA-BE96-98052D796B56}.Ad-Hoc|iPhone.ActiveCfg = Release|Any CPU
		{53806380-1889-4ABA-BE96-98052D796B56}.Ad-Hoc|iPhone.Build.0 = Release|Any CPU
		{53806380-1889-4ABA-BE96-98052D796B56}.Ad-Hoc|iPhoneSimulator.ActiveCfg = Release|Any CPU
		{53806380-1889-4ABA-BE96-98052D796B56}.Ad-Hoc|iPhoneSimulator.Build.0 = Release|Any CPU
		{53806380-1889-4ABA-BE96-98052D796B56}.Ad-Hoc|x64.ActiveCfg = Release|Any CPU
		{53806380-1889-4ABA-BE96-98052D796B56}.Ad-Hoc|x64.Build.0 = Release|Any CPU
		{53806380-1889-4ABA-BE96-98052D796B56}.Ad-Hoc|x86.ActiveCfg = Release|Any CPU
		{53806380-1889-4ABA-BE96-98052D796B56}.Ad-Hoc|x86.Build.0 = Release|Any CPU
		{53806380-1889-4ABA-BE96-98052D796B56}.AppStore|Any CPU.ActiveCfg = Release|Any CPU
		{53806380-1889-4ABA-BE96-98052D796B56}.AppStore|Any CPU.Build.0 = Release|Any CPU
		{53806380-1889-4ABA-BE96-98052D796B56}.AppStore|ARM.ActiveCfg = Release|Any CPU
		{53806380-1889-4ABA-BE96-98052D796B56}.AppStore|ARM.Build.0 = Release|Any CPU
		{53806380-1889-4ABA-BE96-98052D796B56}.AppStore|iPhone.ActiveCfg = Release|Any CPU
		{53806380-1889-4ABA-BE96-98052D796B56}.AppStore|iPhone.Build.0 = Release|Any CPU
		{53806380-1889-4ABA-BE96-98052D796B56}.AppStore|iPhoneSimulator.ActiveCfg = Release|Any CPU
		{53806380-1889-4ABA-BE96-98052D796B56}.AppStore|iPhoneSimulator.Build.0 = Release|Any CPU
		{53806380-1889-4ABA-BE96-98052D796B56}.AppStore|x64.ActiveCfg = Release|Any CPU
		{53806380-1889-4ABA-BE96-98052D796B56}.AppStore|x64.Build.0 = Release|Any CPU
		{53806380-1889-4ABA-BE96-98052D796B56}.AppStore|x86.ActiveCfg = Release|Any CPU
		{53806380-1889-4ABA-BE96-98052D796B56}.AppStore|x86.Build.0 = Release|Any CPU
		{53806380-1889-4ABA-BE96-98052D796B56}.Debug|Any CPU.ActiveCfg = Debug|Any CPU
		{53806380-1889-4ABA-BE96-98052D796B56}.Debug|Any CPU.Build.0 = Debug|Any CPU
		{53806380-1889-4ABA-BE96-98052D796B56}.Debug|ARM.ActiveCfg = Debug|Any CPU
		{53806380-1889-4ABA-BE96-98052D796B56}.Debug|ARM.Build.0 = Debug|Any CPU
		{53806380-1889-4ABA-BE96-98052D796B56}.Debug|iPhone.ActiveCfg = Debug|Any CPU
		{53806380-1889-4ABA-BE96-98052D796B56}.Debug|iPhone.Build.0 = Debug|Any CPU
		{53806380-1889-4ABA-BE96-98052D796B56}.Debug|iPhoneSimulator.ActiveCfg = Debug|Any CPU
		{53806380-1889-4ABA-BE96-98052D796B56}.Debug|iPhoneSimulator.Build.0 = Debug|Any CPU
		{53806380-1889-4ABA-BE96-98052D796B56}.Debug|x64.ActiveCfg = Debug|Any CPU
		{53806380-1889-4ABA-BE96-98052D796B56}.Debug|x64.Build.0 = Debug|Any CPU
		{53806380-1889-4ABA-BE96-98052D796B56}.Debug|x86.ActiveCfg = Debug|Any CPU
		{53806380-1889-4ABA-BE96-98052D796B56}.Debug|x86.Build.0 = Debug|Any CPU
		{53806380-1889-4ABA-BE96-98052D796B56}.Release|Any CPU.ActiveCfg = Release|Any CPU
		{53806380-1889-4ABA-BE96-98052D796B56}.Release|Any CPU.Build.0 = Release|Any CPU
		{53806380-1889-4ABA-BE96-98052D796B56}.Release|ARM.ActiveCfg = Release|Any CPU
		{53806380-1889-4ABA-BE96-98052D796B56}.Release|ARM.Build.0 = Release|Any CPU
		{53806380-1889-4ABA-BE96-98052D796B56}.Release|iPhone.ActiveCfg = Release|Any CPU
		{53806380-1889-4ABA-BE96-98052D796B56}.Release|iPhone.Build.0 = Release|Any CPU
		{53806380-1889-4ABA-BE96-98052D796B56}.Release|iPhoneSimulator.ActiveCfg = Release|Any CPU
		{53806380-1889-4ABA-BE96-98052D796B56}.Release|iPhoneSimulator.Build.0 = Release|Any CPU
		{53806380-1889-4ABA-BE96-98052D796B56}.Release|x64.ActiveCfg = Release|Any CPU
		{53806380-1889-4ABA-BE96-98052D796B56}.Release|x64.Build.0 = Release|Any CPU
		{53806380-1889-4ABA-BE96-98052D796B56}.Release|x86.ActiveCfg = Release|Any CPU
		{53806380-1889-4ABA-BE96-98052D796B56}.Release|x86.Build.0 = Release|Any CPU
	EndGlobalSection
	GlobalSection(SolutionProperties) = preSolution
		HideSolutionNode = FALSE
	EndGlobalSection
EndGlobal
